
Microsoft Visual Studio Solution File, Format Version 12.00
# Visual Studio Version 16
VisualStudioVersion = 16.0.31205.134
MinimumVisualStudioVersion = 10.0.40219.1
Project("{9A19103F-16F7-4668-BE54-9A1E7A4F7556}") = "OrderMicroService", "OrderMicroService\OrderMicroService.csproj", "{93130927-591B-457A-952C-A38F313376E3}"
EndProject
Project("{9A19103F-16F7-4668-BE54-9A1E7A4F7556}") = "SharedModels", "SharedModels\SharedModels.csproj", "{24723720-078D-4CF0-8CF0-5AA5DC2C7372}"
EndProject
Project("{9A19103F-16F7-4668-BE54-9A1E7A4F7556}") = "MovieMicroService", "MovieMicroService\MovieMicroService.csproj", "{0DE3BF6E-AF3E-494C-BFDE-9119D70F2CD5}"
EndProject
Project("{9A19103F-16F7-4668-BE54-9A1E7A4F7556}") = "ReservationMicroService", "ReservationMicroService\ReservationMicroService.csproj", "{5111C5B3-BCAB-4A43-B7D9-51E0658D8654}"
EndProject
Project("{FAE04EC0-301F-11D3-BF4B-00C04F79EFBC}") = "TicketMicroService", "TicketMicroService\TicketMicroService.csproj", "{53D1BD5B-D4C9-4A6A-9DE6-75296AF4C4DF}"
EndProject
Global
	GlobalSection(SolutionConfigurationPlatforms) = preSolution
		Debug|Any CPU = Debug|Any CPU
		Release|Any CPU = Release|Any CPU
	EndGlobalSection
	GlobalSection(ProjectConfigurationPlatforms) = postSolution
		{93130927-591B-457A-952C-A38F313376E3}.Debug|Any CPU.ActiveCfg = Debug|Any CPU
		{93130927-591B-457A-952C-A38F313376E3}.Debug|Any CPU.Build.0 = Debug|Any CPU
		{93130927-591B-457A-952C-A38F313376E3}.Release|Any CPU.ActiveCfg = Release|Any CPU
		{93130927-591B-457A-952C-A38F313376E3}.Release|Any CPU.Build.0 = Release|Any CPU
		{24723720-078D-4CF0-8CF0-5AA5DC2C7372}.Debug|Any CPU.ActiveCfg = Debug|Any CPU
		{24723720-078D-4CF0-8CF0-5AA5DC2C7372}.Debug|Any CPU.Build.0 = Debug|Any CPU
		{24723720-078D-4CF0-8CF0-5AA5DC2C7372}.Release|Any CPU.ActiveCfg = Release|Any CPU
		{24723720-078D-4CF0-8CF0-5AA5DC2C7372}.Release|Any CPU.Build.0 = Release|Any CPU
		{0DE3BF6E-AF3E-494C-BFDE-9119D70F2CD5}.Debug|Any CPU.ActiveCfg = Debug|Any CPU
		{0DE3BF6E-AF3E-494C-BFDE-9119D70F2CD5}.Debug|Any CPU.Build.0 = Debug|Any CPU
		{0DE3BF6E-AF3E-494C-BFDE-9119D70F2CD5}.Release|Any CPU.ActiveCfg = Release|Any CPU
		{0DE3BF6E-AF3E-494C-BFDE-9119D70F2CD5}.Release|Any CPU.Build.0 = Release|Any CPU
		{5111C5B3-BCAB-4A43-B7D9-51E0658D8654}.Debug|Any CPU.ActiveCfg = Debug|Any CPU
		{5111C5B3-BCAB-4A43-B7D9-51E0658D8654}.Debug|Any CPU.Build.0 = Debug|Any CPU
		{5111C5B3-BCAB-4A43-B7D9-51E0658D8654}.Release|Any CPU.ActiveCfg = Release|Any CPU
		{5111C5B3-BCAB-4A43-B7D9-51E0658D8654}.Release|Any CPU.Build.0 = Release|Any CPU
		{53D1BD5B-D4C9-4A6A-9DE6-75296AF4C4DF}.Debug|Any CPU.ActiveCfg = Debug|Any CPU
		{53D1BD5B-D4C9-4A6A-9DE6-75296AF4C4DF}.Debug|Any CPU.Build.0 = Debug|Any CPU
		{53D1BD5B-D4C9-4A6A-9DE6-75296AF4C4DF}.Release|Any CPU.ActiveCfg = Release|Any CPU
		{53D1BD5B-D4C9-4A6A-9DE6-75296AF4C4DF}.Release|Any CPU.Build.0 = Release|Any CPU
	EndGlobalSection
	GlobalSection(SolutionProperties) = preSolution
		HideSolutionNode = FALSE
	EndGlobalSection
	GlobalSection(ExtensibilityGlobals) = postSolution
		SolutionGuid = {79BF575E-FD8B-4D6A-89BA-76EB008EFBEA}
	EndGlobalSection
EndGlobal
